{
  "pins" : [
    {
      "identity" : "expandabletext",
      "kind" : "remoteSourceControl",
      "location" : "https://github.com/NuPlay/ExpandableText.git",
      "state" : {
        "branch" : "main",
        "revision" : "d140b404c6683bb169bb01ef4eeecdb6d9be8fb8"
      }
    }
  ],
  "version" : 2
}
